
Microsoft Visual Studio Solution File, Format Version 12.00
# Visual Studio Version 16
VisualStudioVersion = 16.0.36602.28
MinimumVisualStudioVersion = 10.0.40219.1
Project("{FAE04EC0-301F-11D3-BF4B-00C04F79EFBC}") = "NotepadppIoC", "NotepadppIoC\NotepadppIoC.csproj", "{28FFF315-C332-4B9E-B674-AF2C6F53EA8E}"
EndProject
Global
	GlobalSection(SolutionConfigurationPlatforms) = preSolution
		Debug|Any CPU = Debug|Any CPU
		Release|Any CPU = Release|Any CPU
	EndGlobalSection
	GlobalSection(ProjectConfigurationPlatforms) = postSolution
		{28FFF315-C332-4B9E-B674-AF2C6F53EA8E}.Debug|Any CPU.ActiveCfg = Debug|Any CPU
		{28FFF315-C332-4B9E-B674-AF2C6F53EA8E}.Debug|Any CPU.Build.0 = Debug|Any CPU
		{28FFF315-C332-4B9E-B674-AF2C6F53EA8E}.Release|Any CPU.ActiveCfg = Release|Any CPU
		{28FFF315-C332-4B9E-B674-AF2C6F53EA8E}.Release|Any CPU.Build.0 = Release|Any CPU
	EndGlobalSection
	GlobalSection(SolutionProperties) = preSolution
		HideSolutionNode = FALSE
	EndGlobalSection
	GlobalSection(ExtensibilityGlobals) = postSolution
		SolutionGuid = {8313966A-3BCC-425E-AD46-9A442A1CF0AE}
	EndGlobalSection
EndGlobal
